
Microsoft Visual Studio Solution File, Format Version 12.00
# Visual Studio Version 16
VisualStudioVersion = 16.0.29025.244
MinimumVisualStudioVersion = 10.0.40219.1
Project("{FAE04EC0-301F-11D3-BF4B-00C04F79EFBC}") = "comida", "comida\comida.csproj", "{AC0EA4F8-5B4D-4675-AFD8-520159C7931E}"
EndProject
Global
	GlobalSection(SolutionConfigurationPlatforms) = preSolution
		Debug|Any CPU = Debug|Any CPU
		Release|Any CPU = Release|Any CPU
	EndGlobalSection
	GlobalSection(ProjectConfigurationPlatforms) = postSolution
		{AC0EA4F8-5B4D-4675-AFD8-520159C7931E}.Debug|Any CPU.ActiveCfg = Debug|Any CPU
		{AC0EA4F8-5B4D-4675-AFD8-520159C7931E}.Debug|Any CPU.Build.0 = Debug|Any CPU
		{AC0EA4F8-5B4D-4675-AFD8-520159C7931E}.Release|Any CPU.ActiveCfg = Release|Any CPU
		{AC0EA4F8-5B4D-4675-AFD8-520159C7931E}.Release|Any CPU.Build.0 = Release|Any CPU
	EndGlobalSection
	GlobalSection(SolutionProperties) = preSolution
		HideSolutionNode = FALSE
	EndGlobalSection
	GlobalSection(ExtensibilityGlobals) = postSolution
		SolutionGuid = {4283C01B-90EC-4DE5-90EB-496E76F2DBF6}
	EndGlobalSection
EndGlobal
